
Microsoft Visual Studio Solution File, Format Version 12.00
# Visual Studio Version 16
VisualStudioVersion = 16.0.30011.22
MinimumVisualStudioVersion = 10.0.40219.1
Project("{FAE04EC0-301F-11D3-BF4B-00C04F79EFBC}") = "Logoff", "Logoff\Logoff.csproj", "{93F116DB-DED5-411C-B3EE-84B9C256B9D6}"
EndProject
Project("{FAE04EC0-301F-11D3-BF4B-00C04F79EFBC}") = "Reboot", "Reboot\Reboot.csproj", "{16DC3E8B-7D92-443C-B889-1BDCF53E174A}"
EndProject
Project("{FAE04EC0-301F-11D3-BF4B-00C04F79EFBC}") = "Restart Voicemail", "Restart Voicemail\Restart Voicemail.csproj", "{A487CBE6-2903-4A1B-9D8E-E71B01688827}"
EndProject
Project("{FAE04EC0-301F-11D3-BF4B-00C04F79EFBC}") = "Restart Webguest", "Restart Webguest\Restart Webguest.csproj", "{4C368D65-D435-416A-9DCC-5F4B2D2BFDB3}"
EndProject
Project("{FAE04EC0-301F-11D3-BF4B-00C04F79EFBC}") = "Remote Entry", "Remote Entry\Remote Entry.csproj", "{B989B3BB-7738-411C-95E5-D4D6CF45C343}"
EndProject
Global
	GlobalSection(SolutionConfigurationPlatforms) = preSolution
		Debug|Any CPU = Debug|Any CPU
		Release|Any CPU = Release|Any CPU
	EndGlobalSection
	GlobalSection(ProjectConfigurationPlatforms) = postSolution
		{93F116DB-DED5-411C-B3EE-84B9C256B9D6}.Debug|Any CPU.ActiveCfg = Debug|Any CPU
		{93F116DB-DED5-411C-B3EE-84B9C256B9D6}.Debug|Any CPU.Build.0 = Debug|Any CPU
		{93F116DB-DED5-411C-B3EE-84B9C256B9D6}.Release|Any CPU.ActiveCfg = Release|Any CPU
		{93F116DB-DED5-411C-B3EE-84B9C256B9D6}.Release|Any CPU.Build.0 = Release|Any CPU
		{16DC3E8B-7D92-443C-B889-1BDCF53E174A}.Debug|Any CPU.ActiveCfg = Debug|Any CPU
		{16DC3E8B-7D92-443C-B889-1BDCF53E174A}.Debug|Any CPU.Build.0 = Debug|Any CPU
		{16DC3E8B-7D92-443C-B889-1BDCF53E174A}.Release|Any CPU.ActiveCfg = Release|Any CPU
		{16DC3E8B-7D92-443C-B889-1BDCF53E174A}.Release|Any CPU.Build.0 = Release|Any CPU
		{A487CBE6-2903-4A1B-9D8E-E71B01688827}.Debug|Any CPU.ActiveCfg = Debug|Any CPU
		{A487CBE6-2903-4A1B-9D8E-E71B01688827}.Debug|Any CPU.Build.0 = Debug|Any CPU
		{A487CBE6-2903-4A1B-9D8E-E71B01688827}.Release|Any CPU.ActiveCfg = Release|Any CPU
		{A487CBE6-2903-4A1B-9D8E-E71B01688827}.Release|Any CPU.Build.0 = Release|Any CPU
		{4C368D65-D435-416A-9DCC-5F4B2D2BFDB3}.Debug|Any CPU.ActiveCfg = Debug|Any CPU
		{4C368D65-D435-416A-9DCC-5F4B2D2BFDB3}.Debug|Any CPU.Build.0 = Debug|Any CPU
		{4C368D65-D435-416A-9DCC-5F4B2D2BFDB3}.Release|Any CPU.ActiveCfg = Release|Any CPU
		{4C368D65-D435-416A-9DCC-5F4B2D2BFDB3}.Release|Any CPU.Build.0 = Release|Any CPU
		{B989B3BB-7738-411C-95E5-D4D6CF45C343}.Debug|Any CPU.ActiveCfg = Debug|Any CPU
		{B989B3BB-7738-411C-95E5-D4D6CF45C343}.Debug|Any CPU.Build.0 = Debug|Any CPU
		{B989B3BB-7738-411C-95E5-D4D6CF45C343}.Release|Any CPU.ActiveCfg = Release|Any CPU
		{B989B3BB-7738-411C-95E5-D4D6CF45C343}.Release|Any CPU.Build.0 = Release|Any CPU
	EndGlobalSection
	GlobalSection(SolutionProperties) = preSolution
		HideSolutionNode = FALSE
	EndGlobalSection
	GlobalSection(ExtensibilityGlobals) = postSolution
		SolutionGuid = {C2E277F5-C40F-45B3-AAA2-2DAF797D766E}
	EndGlobalSection
EndGlobal
